
Microsoft Visual Studio Solution File, Format Version 12.00
# Visual Studio 14
VisualStudioVersion = 14.0.23107.0
MinimumVisualStudioVersion = 10.0.40219.1
Project("{2150E333-8FDC-42A3-9474-1A3956D46DE8}") = "Engine", "Engine", "{C3F7D26A-11FD-4EC9-9485-1982CC66AE66}"
EndProject
Project("{2150E333-8FDC-42A3-9474-1A3956D46DE8}") = "Games", "Games", "{95ED9623-F6B9-4833-8EC2-BB9EC632D8E8}"
EndProject
Project("{8BC9CEB8-8B4A-11D0-8D11-00A0C91BC942}") = "UE4", "Intermediate\ProjectFiles\UE4.vcxproj", "{78D497E1-5554-4BCB-AB15-C8359276E16D}"
EndProject
Project("{8BC9CEB8-8B4A-11D0-8D11-00A0C91BC942}") = "BadAss", "Intermediate\ProjectFiles\BadAss.vcxproj", "{21DEEC9D-9424-43F0-9B91-3E13FA8E8B9C}"
EndProject
Global
	GlobalSection(SolutionConfigurationPlatforms) = preSolution
		DebugGame Editor|Win32 = DebugGame Editor|Win32
		DebugGame Editor|Win64 = DebugGame Editor|Win64
		DebugGame|Win32 = DebugGame|Win32
		DebugGame|Win64 = DebugGame|Win64
		Development Editor|Win32 = Development Editor|Win32
		Development Editor|Win64 = Development Editor|Win64
		Development|Win32 = Development|Win32
		Development|Win64 = Development|Win64
		Shipping|Win32 = Shipping|Win32
		Shipping|Win64 = Shipping|Win64
	EndGlobalSection
	GlobalSection(ProjectConfigurationPlatforms) = postSolution
		{78D497E1-5554-4BCB-AB15-C8359276E16D}.DebugGame Editor|Win32.ActiveCfg = BuiltWithUnrealBuildTool|Win32
		{78D497E1-5554-4BCB-AB15-C8359276E16D}.DebugGame Editor|Win32.Build.0 = BuiltWithUnrealBuildTool|Win32
		{78D497E1-5554-4BCB-AB15-C8359276E16D}.DebugGame Editor|Win64.ActiveCfg = BuiltWithUnrealBuildTool|Win32
		{78D497E1-5554-4BCB-AB15-C8359276E16D}.DebugGame Editor|Win64.Build.0 = BuiltWithUnrealBuildTool|Win32
		{78D497E1-5554-4BCB-AB15-C8359276E16D}.DebugGame|Win32.ActiveCfg = BuiltWithUnrealBuildTool|Win32
		{78D497E1-5554-4BCB-AB15-C8359276E16D}.DebugGame|Win32.Build.0 = BuiltWithUnrealBuildTool|Win32
		{78D497E1-5554-4BCB-AB15-C8359276E16D}.DebugGame|Win64.ActiveCfg = BuiltWithUnrealBuildTool|Win32
		{78D497E1-5554-4BCB-AB15-C8359276E16D}.DebugGame|Win64.Build.0 = BuiltWithUnrealBuildTool|Win32
		{78D497E1-5554-4BCB-AB15-C8359276E16D}.Development Editor|Win32.ActiveCfg = BuiltWithUnrealBuildTool|Win32
		{78D497E1-5554-4BCB-AB15-C8359276E16D}.Development Editor|Win32.Build.0 = BuiltWithUnrealBuildTool|Win32
		{78D497E1-5554-4BCB-AB15-C8359276E16D}.Development Editor|Win64.ActiveCfg = BuiltWithUnrealBuildTool|Win32
		{78D497E1-5554-4BCB-AB15-C8359276E16D}.Development Editor|Win64.Build.0 = BuiltWithUnrealBuildTool|Win32
		{78D497E1-5554-4BCB-AB15-C8359276E16D}.Development|Win32.ActiveCfg = BuiltWithUnrealBuildTool|Win32
		{78D497E1-5554-4BCB-AB15-C8359276E16D}.Development|Win32.Build.0 = BuiltWithUnrealBuildTool|Win32
		{78D497E1-5554-4BCB-AB15-C8359276E16D}.Development|Win64.ActiveCfg = BuiltWithUnrealBuildTool|Win32
		{78D497E1-5554-4BCB-AB15-C8359276E16D}.Development|Win64.Build.0 = BuiltWithUnrealBuildTool|Win32
		{78D497E1-5554-4BCB-AB15-C8359276E16D}.Shipping|Win32.ActiveCfg = BuiltWithUnrealBuildTool|Win32
		{78D497E1-5554-4BCB-AB15-C8359276E16D}.Shipping|Win32.Build.0 = BuiltWithUnrealBuildTool|Win32
		{78D497E1-5554-4BCB-AB15-C8359276E16D}.Shipping|Win64.ActiveCfg = BuiltWithUnrealBuildTool|Win32
		{78D497E1-5554-4BCB-AB15-C8359276E16D}.Shipping|Win64.Build.0 = BuiltWithUnrealBuildTool|Win32
		{21DEEC9D-9424-43F0-9B91-3E13FA8E8B9C}.DebugGame Editor|Win32.ActiveCfg = DebugGame_Editor|Win32
		{21DEEC9D-9424-43F0-9B91-3E13FA8E8B9C}.DebugGame Editor|Win32.Build.0 = DebugGame_Editor|Win32
		{21DEEC9D-9424-43F0-9B91-3E13FA8E8B9C}.DebugGame Editor|Win64.ActiveCfg = DebugGame_Editor|x64
		{21DEEC9D-9424-43F0-9B91-3E13FA8E8B9C}.DebugGame Editor|Win64.Build.0 = DebugGame_Editor|x64
		{21DEEC9D-9424-43F0-9B91-3E13FA8E8B9C}.DebugGame|Win32.ActiveCfg = DebugGame_Game|Win32
		{21DEEC9D-9424-43F0-9B91-3E13FA8E8B9C}.DebugGame|Win32.Build.0 = DebugGame_Game|Win32
		{21DEEC9D-9424-43F0-9B91-3E13FA8E8B9C}.DebugGame|Win64.ActiveCfg = DebugGame_Game|x64
		{21DEEC9D-9424-43F0-9B91-3E13FA8E8B9C}.DebugGame|Win64.Build.0 = DebugGame_Game|x64
		{21DEEC9D-9424-43F0-9B91-3E13FA8E8B9C}.Development Editor|Win32.ActiveCfg = Development_Editor|Win32
		{21DEEC9D-9424-43F0-9B91-3E13FA8E8B9C}.Development Editor|Win32.Build.0 = Development_Editor|Win32
		{21DEEC9D-9424-43F0-9B91-3E13FA8E8B9C}.Development Editor|Win64.ActiveCfg = Development_Editor|x64
		{21DEEC9D-9424-43F0-9B91-3E13FA8E8B9C}.Development Editor|Win64.Build.0 = Development_Editor|x64
		{21DEEC9D-9424-43F0-9B91-3E13FA8E8B9C}.Development|Win32.ActiveCfg = Development_Game|Win32
		{21DEEC9D-9424-43F0-9B91-3E13FA8E8B9C}.Development|Win32.Build.0 = Development_Game|Win32
		{21DEEC9D-9424-43F0-9B91-3E13FA8E8B9C}.Development|Win64.ActiveCfg = Development_Game|x64
		{21DEEC9D-9424-43F0-9B91-3E13FA8E8B9C}.Development|Win64.Build.0 = Development_Game|x64
		{21DEEC9D-9424-43F0-9B91-3E13FA8E8B9C}.Shipping|Win32.ActiveCfg = Shipping_Game|Win32
		{21DEEC9D-9424-43F0-9B91-3E13FA8E8B9C}.Shipping|Win32.Build.0 = Shipping_Game|Win32
		{21DEEC9D-9424-43F0-9B91-3E13FA8E8B9C}.Shipping|Win64.ActiveCfg = Shipping_Game|x64
		{21DEEC9D-9424-43F0-9B91-3E13FA8E8B9C}.Shipping|Win64.Build.0 = Shipping_Game|x64
	EndGlobalSection
	GlobalSection(SolutionProperties) = preSolution
		HideSolutionNode = FALSE
	EndGlobalSection
	GlobalSection(NestedProjects) = preSolution
		{78D497E1-5554-4BCB-AB15-C8359276E16D} = {C3F7D26A-11FD-4EC9-9485-1982CC66AE66}
		{21DEEC9D-9424-43F0-9B91-3E13FA8E8B9C} = {95ED9623-F6B9-4833-8EC2-BB9EC632D8E8}
	EndGlobalSection
EndGlobal
